{
  "name": "code",
  "version": "1.0.0",
  "lockfileVersion": 3,
  "requires": true,
  "packages": {
    "": {
      "name": "code",
      "version": "1.0.0",
      "license": "ISC",
      "dependencies": {
        "decision-tree": "^0.3.7",
        "mathjs": "^13.1.1",
        "ml-cart": "^2.1.1",
        "ml-kmeans": "^6.0.0",
        "node-apriori": "^1.0.0",
        "node-kmeans": "^1.1.9",
        "scikit-learn": "^0.1.0",
        "synaptic": "^1.1.4"
      }
    },
    "node_modules/@babel/runtime": {
      "version": "7.25.6",
      "resolved": "https://registry.npmmirror.com/@babel/runtime/-/runtime-7.25.6.tgz",
      "integrity": "sha512-VBj9MYyDb9tuLq7yzqjgzt6Q+IBQLrGZfdjOekyEirZPHxXWoTSGUTMrpsfi58Up73d13NfYLv8HT9vmznjzhQ==",
      "license": "MIT",
      "dependencies": {
        "regenerator-runtime": "^0.14.0"
      },
      "engines": {
        "node": ">=6.9.0"
      }
    },
    "node_modules/complex.js": {
      "version": "2.1.1",
      "resolved": "https://registry.npmmirror.com/complex.js/-/complex.js-2.1.1.tgz",
      "integrity": "sha512-8njCHOTtFFLtegk6zQo0kkVX1rngygb/KQI6z1qZxlFI3scluC+LVTCFbrkWjBv4vvLlbQ9t88IPMC6k95VTTg==",
      "license": "MIT",
      "engines": {
        "node": "*"
      },
      "funding": {
        "type": "patreon",
        "url": "https://www.patreon.com/infusion"
      }
    },
    "node_modules/decimal.js": {
      "version": "10.4.3",
      "resolved": "https://registry.npmmirror.com/decimal.js/-/decimal.js-10.4.3.tgz",
      "integrity": "sha512-VBBaLc1MgL5XpzgIP7ny5Z6Nx3UrRkIViUkPUdtl9aya5amy3De1gsUUSB1g3+3sExYNjCAsAznmukyxCb1GRA==",
      "license": "MIT"
    },
    "node_modules/decision-tree": {
      "version": "0.3.7",
      "resolved": "https://registry.npmmirror.com/decision-tree/-/decision-tree-0.3.7.tgz",
      "integrity": "sha512-owlopiCdbKk5fYaiVfCCom5me0W+gSuVio4D0A+2QA6DV2fGpzxAYE8XB8cS4g1F4Ht6rR8N5HKsjti8kytL+A==",
      "license": "MIT",
      "dependencies": {
        "lodash": "^4.17.21"
      },
      "engines": {
        "node": ">= 14.x"
      }
    },
    "node_modules/escape-latex": {
      "version": "1.2.0",
      "resolved": "https://registry.npmmirror.com/escape-latex/-/escape-latex-1.2.0.tgz",
      "integrity": "sha512-nV5aVWW1K0wEiUIEdZ4erkGGH8mDxGyxSeqPzRNtWP7ataw+/olFObw7hujFWlVjNsaDFw5VZ5NzVSIqRgfTiw==",
      "license": "MIT"
    },
    "node_modules/events": {
      "version": "1.1.1",
      "resolved": "https://registry.npmmirror.com/events/-/events-1.1.1.tgz",
      "integrity": "sha512-kEcvvCBByWXGnZy6JUlgAp2gBIUjfCAV6P6TgT1/aaQKcmuAEC4OZTV1I4EWQLz2gxZw76atuVyvHhTxvi0Flw==",
      "license": "MIT",
      "engines": {
        "node": ">=0.4.x"
      }
    },
    "node_modules/fraction.js": {
      "version": "4.3.7",
      "resolved": "https://registry.npmmirror.com/fraction.js/-/fraction.js-4.3.7.tgz",
      "integrity": "sha512-ZsDfxO51wGAXREY55a7la9LScWpwv9RxIrYABrlvOFBlH/ShPnrtsXeuUIfXKKOVicNxQ+o8JTbJvjS4M89yew==",
      "license": "MIT",
      "engines": {
        "node": "*"
      },
      "funding": {
        "type": "patreon",
        "url": "https://github.com/sponsors/rawify"
      }
    },
    "node_modules/is-any-array": {
      "version": "2.0.1",
      "resolved": "https://registry.npmmirror.com/is-any-array/-/is-any-array-2.0.1.tgz",
      "integrity": "sha512-UtilS7hLRu++wb/WBAw9bNuP1Eg04Ivn1vERJck8zJthEvXCBEBpGR/33u/xLKWEQf95803oalHrVDptcAvFdQ==",
      "license": "MIT"
    },
    "node_modules/javascript-natural-sort": {
      "version": "0.7.1",
      "resolved": "https://registry.npmmirror.com/javascript-natural-sort/-/javascript-natural-sort-0.7.1.tgz",
      "integrity": "sha512-nO6jcEfZWQXDhOiBtG2KvKyEptz7RVbpGP4vTD2hLBdmNQSsCiicO2Ioinv6UI4y9ukqnBpy+XZ9H6uLNgJTlw==",
      "license": "MIT"
    },
    "node_modules/jsonparse": {
      "version": "0.0.5",
      "resolved": "https://registry.npmmirror.com/jsonparse/-/jsonparse-0.0.5.tgz",
      "integrity": "sha512-fw7Q/8gFR8iSekUi9I+HqWIap6mywuoe7hQIg3buTVjuZgALKj4HAmm0X6f+TaL4c9NJbvyFQdaI2ppr5p6dnQ==",
      "engines": [
        "node >= 0.2.0"
      ],
      "license": "MIT"
    },
    "node_modules/JSONStream": {
      "version": "0.8.4",
      "resolved": "https://registry.npmmirror.com/JSONStream/-/JSONStream-0.8.4.tgz",
      "integrity": "sha512-l0NN3IcqrZfZBJp7JWDJIHsnPV7yzJWqsYxQzL8Fwdx1BmEMjLuvtYkv+P9pbvpyfP75/f4MeDZhWNU4is32uA==",
      "dependencies": {
        "jsonparse": "0.0.5",
        "through": ">=2.2.7 <3"
      },
      "bin": {
        "JSONStream": "index.js"
      },
      "engines": {
        "node": "*"
      }
    },
    "node_modules/lodash": {
      "version": "4.17.21",
      "resolved": "https://registry.npmmirror.com/lodash/-/lodash-4.17.21.tgz",
      "integrity": "sha512-v2kDEe57lecTulaDIuNTPy3Ry4gLGJ6Z1O3vE1krgXZNrsQ+LFTGHVxVjcXPs17LhbZVGedAJv8XZ1tvj5FvSg==",
      "license": "MIT"
    },
    "node_modules/mathjs": {
      "version": "13.1.1",
      "resolved": "https://registry.npmmirror.com/mathjs/-/mathjs-13.1.1.tgz",
      "integrity": "sha512-duaSAy7m4F+QtP1Dyv8MX2XuxcqpNDDlGly0SdVTCqpAmwdOFWilDdQKbLdo9RfD6IDNMOdo9tIsEaTXkconlQ==",
      "license": "Apache-2.0",
      "dependencies": {
        "@babel/runtime": "^7.25.4",
        "complex.js": "^2.1.1",
        "decimal.js": "^10.4.3",
        "escape-latex": "^1.2.0",
        "fraction.js": "^4.3.7",
        "javascript-natural-sort": "^0.7.1",
        "seedrandom": "^3.0.5",
        "tiny-emitter": "^2.1.0",
        "typed-function": "^4.2.1"
      },
      "bin": {
        "mathjs": "bin/cli.js"
      },
      "engines": {
        "node": ">= 18"
      }
    },
    "node_modules/ml-array-max": {
      "version": "1.2.4",
      "resolved": "https://registry.npmmirror.com/ml-array-max/-/ml-array-max-1.2.4.tgz",
      "integrity": "sha512-BlEeg80jI0tW6WaPyGxf5Sa4sqvcyY6lbSn5Vcv44lp1I2GR6AWojfUvLnGTNsIXrZ8uqWmo8VcG1WpkI2ONMQ==",
      "license": "MIT",
      "dependencies": {
        "is-any-array": "^2.0.0"
      }
    },
    "node_modules/ml-array-mean": {
      "version": "1.1.6",
      "resolved": "https://registry.npmmirror.com/ml-array-mean/-/ml-array-mean-1.1.6.tgz",
      "integrity": "sha512-MIdf7Zc8HznwIisyiJGRH9tRigg3Yf4FldW8DxKxpCCv/g5CafTw0RRu51nojVEOXuCQC7DRVVu5c7XXO/5joQ==",
      "license": "MIT",
      "dependencies": {
        "ml-array-sum": "^1.1.6"
      }
    },
    "node_modules/ml-array-min": {
      "version": "1.2.3",
      "resolved": "https://registry.npmmirror.com/ml-array-min/-/ml-array-min-1.2.3.tgz",
      "integrity": "sha512-VcZ5f3VZ1iihtrGvgfh/q0XlMobG6GQ8FsNyQXD3T+IlstDv85g8kfV0xUG1QPRO/t21aukaJowDzMTc7j5V6Q==",
      "license": "MIT",
      "dependencies": {
        "is-any-array": "^2.0.0"
      }
    },
    "node_modules/ml-array-rescale": {
      "version": "1.3.7",
      "resolved": "https://registry.npmmirror.com/ml-array-rescale/-/ml-array-rescale-1.3.7.tgz",
      "integrity": "sha512-48NGChTouvEo9KBctDfHC3udWnQKNKEWN0ziELvY3KG25GR5cA8K8wNVzracsqSW1QEkAXjTNx+ycgAv06/1mQ==",
      "license": "MIT",
      "dependencies": {
        "is-any-array": "^2.0.0",
        "ml-array-max": "^1.2.4",
        "ml-array-min": "^1.2.3"
      }
    },
    "node_modules/ml-array-sum": {
      "version": "1.1.6",
      "resolved": "https://registry.npmmirror.com/ml-array-sum/-/ml-array-sum-1.1.6.tgz",
      "integrity": "sha512-29mAh2GwH7ZmiRnup4UyibQZB9+ZLyMShvt4cH4eTK+cL2oEMIZFnSyB3SS8MlsTh6q/w/yh48KmqLxmovN4Dw==",
      "license": "MIT",
      "dependencies": {
        "is-any-array": "^2.0.0"
      }
    },
    "node_modules/ml-cart": {
      "version": "2.1.1",
      "resolved": "https://registry.npmmirror.com/ml-cart/-/ml-cart-2.1.1.tgz",
      "integrity": "sha512-f6rIj4EzbjqKLJa2Qmm5AjZ0WVgk+Y7J1N/+pQVaFr0d4oM1uZPLOh5h665LyH+bLBHTFEbvSR4OLKmJRQ8KfA==",
      "license": "MIT",
      "dependencies": {
        "ml-array-mean": "^1.1.5",
        "ml-matrix": "^6.8.2"
      }
    },
    "node_modules/ml-distance-euclidean": {
      "version": "2.0.0",
      "resolved": "https://registry.npmmirror.com/ml-distance-euclidean/-/ml-distance-euclidean-2.0.0.tgz",
      "integrity": "sha512-yC9/2o8QF0A3m/0IXqCTXCzz2pNEzvmcE/9HFKOZGnTjatvBbsn4lWYJkxENkA4Ug2fnYl7PXQxnPi21sgMy/Q==",
      "license": "MIT"
    },
    "node_modules/ml-kmeans": {
      "version": "6.0.0",
      "resolved": "https://registry.npmmirror.com/ml-kmeans/-/ml-kmeans-6.0.0.tgz",
      "integrity": "sha512-aziEZqeHxczaDvo1qkfCrC7XNVAPevs6PigAzy7dp9TzeQI7oGan6NfCgADwL/FAlA/wWi+1DkV8da6pXfuuPg==",
      "license": "MIT",
      "dependencies": {
        "ml-distance-euclidean": "^2.0.0",
        "ml-matrix": "^6.9.0",
        "ml-nearest-vector": "^2.0.1",
        "ml-random": "^0.5.0"
      }
    },
    "node_modules/ml-matrix": {
      "version": "6.11.1",
      "resolved": "https://registry.npmmirror.com/ml-matrix/-/ml-matrix-6.11.1.tgz",
      "integrity": "sha512-Fvp1xF1O07tt6Ux9NcnEQTei5UlqbRpvvaFZGs7l3Ij+nOaEDcmbSVtxwNa8V4IfdyFI1NLNUteroMJ1S6vcEg==",
      "license": "MIT",
      "dependencies": {
        "is-any-array": "^2.0.1",
        "ml-array-rescale": "^1.3.7"
      }
    },
    "node_modules/ml-nearest-vector": {
      "version": "2.0.1",
      "resolved": "https://registry.npmmirror.com/ml-nearest-vector/-/ml-nearest-vector-2.0.1.tgz",
      "integrity": "sha512-gMPwNm3eed59ewJYiCK/+wElWBfNoD6JizH965ePiQgCo0pvQL63w4YdZhLs5eUV0iWcq6brVMUBL6iMySHnqg==",
      "license": "MIT",
      "dependencies": {
        "ml-distance-euclidean": "^2.0.0"
      }
    },
    "node_modules/ml-random": {
      "version": "0.5.0",
      "resolved": "https://registry.npmmirror.com/ml-random/-/ml-random-0.5.0.tgz",
      "integrity": "sha512-zLJBmNb34LOz+vN6BD8l3aYm/VWYWbmAunrLMPs4dHf4gTl8BWlhil72j56HubPg86zrXioIs4qoHq7Topy6tw==",
      "license": "MIT",
      "dependencies": {
        "ml-xsadd": "^2.0.0"
      }
    },
    "node_modules/ml-xsadd": {
      "version": "2.0.0",
      "resolved": "https://registry.npmmirror.com/ml-xsadd/-/ml-xsadd-2.0.0.tgz",
      "integrity": "sha512-VoAYUqmPRmzKbbqRejjqceGFp3VF81Qe8XXFGU0UXLxB7Mf4GGvyGq5Qn3k4AiQgDEV6WzobqlPOd+j0+m6IrA==",
      "license": "MIT"
    },
    "node_modules/node-apriori": {
      "version": "1.0.0",
      "resolved": "https://registry.npmmirror.com/node-apriori/-/node-apriori-1.0.0.tgz",
      "integrity": "sha512-bftMJaecamj/Gie9R6KRO6ZygkEcl64wAF0a3WTB2OrmFjbwYT1Xkk4sxmCUXHfXKRRfMB2ew5q7f6rgq002mQ==",
      "license": "MIT",
      "dependencies": {
        "events": "^1.1.1"
      }
    },
    "node_modules/node-kmeans": {
      "version": "1.1.9",
      "resolved": "https://registry.npmmirror.com/node-kmeans/-/node-kmeans-1.1.9.tgz",
      "integrity": "sha512-qZiuD4ab4cvsSWQSccWzLb4j1cHlm6wjGiWrbhCPZweVzpfcWBQ2CMqK4YBtJJ3OhK27NkZ1PKiLlZ52Z///cQ==",
      "license": "BSD",
      "dependencies": {
        "underscore": "^1.9.1"
      },
      "engines": {
        "node": ">= v0.6.0"
      }
    },
    "node_modules/regenerator-runtime": {
      "version": "0.14.1",
      "resolved": "https://registry.npmmirror.com/regenerator-runtime/-/regenerator-runtime-0.14.1.tgz",
      "integrity": "sha512-dYnhHh0nJoMfnkZs6GmmhFknAGRrLznOu5nc9ML+EJxGvrx6H7teuevqVqCuPcPK//3eDrrjQhehXVx9cnkGdw==",
      "license": "MIT"
    },
    "node_modules/scikit-learn": {
      "version": "0.1.0",
      "resolved": "https://registry.npmmirror.com/scikit-learn/-/scikit-learn-0.1.0.tgz",
      "integrity": "sha512-+7TLxfLovxbRkaE7f2RGOx4/j6U1FrXf9AWFsaRyPImQAkhbR5Z1jdIUWdPDNT5pq3I/3yMuy9G2h+agKJHJGg==",
      "license": "MIT",
      "dependencies": {
        "JSONStream": "^0.8.0",
        "streaming-json-stringify": "^1.0.0"
      },
      "engines": {
        "node": ">= 0.10.21"
      }
    },
    "node_modules/seedrandom": {
      "version": "3.0.5",
      "resolved": "https://registry.npmmirror.com/seedrandom/-/seedrandom-3.0.5.tgz",
      "integrity": "sha512-8OwmbklUNzwezjGInmZ+2clQmExQPvomqjL7LFqOYqtmuxRgQYqOD3mHaU+MvZn5FLUeVxVfQjwLZW/n/JFuqg==",
      "license": "MIT"
    },
    "node_modules/streaming-json-stringify": {
      "version": "1.0.1",
      "resolved": "https://registry.npmmirror.com/streaming-json-stringify/-/streaming-json-stringify-1.0.1.tgz",
      "integrity": "sha512-dSKMNM9sG2v3aCWDiuO5anWApYVIYz2BBIS+qWK6MqyEjhcRLU8sk0pV3W2sIGv3OCVLddqJPa/ksImEN9LSZw==",
      "license": "MIT"
    },
    "node_modules/synaptic": {
      "version": "1.1.4",
      "resolved": "https://registry.npmmirror.com/synaptic/-/synaptic-1.1.4.tgz",
      "integrity": "sha512-JFtU98VDFI0uBTowgySo+UUEkc7rSVHaxx9D6dR5BK6u81G7uAxcp32Gi2SHciLpFbvJVd1Pfz7aqSNQO4EH9Q==",
      "license": "MIT",
      "engines": {
        "node": ">=4"
      }
    },
    "node_modules/through": {
      "version": "2.3.8",
      "resolved": "https://registry.npmmirror.com/through/-/through-2.3.8.tgz",
      "integrity": "sha512-w89qg7PI8wAdvX60bMDP+bFoD5Dvhm9oLheFp5O4a2QF0cSBGsBX4qZmadPMvVqlLJBBci+WqGGOAPvcDeNSVg==",
      "license": "MIT"
    },
    "node_modules/tiny-emitter": {
      "version": "2.1.0",
      "resolved": "https://registry.npmmirror.com/tiny-emitter/-/tiny-emitter-2.1.0.tgz",
      "integrity": "sha512-NB6Dk1A9xgQPMoGqC5CVXn123gWyte215ONT5Pp5a0yt4nlEoO1ZWeCwpncaekPHXO60i47ihFnZPiRPjRMq4Q==",
      "license": "MIT"
    },
    "node_modules/typed-function": {
      "version": "4.2.1",
      "resolved": "https://registry.npmmirror.com/typed-function/-/typed-function-4.2.1.tgz",
      "integrity": "sha512-EGjWssW7Tsk4DGfE+5yluuljS1OGYWiI1J6e8puZz9nTMM51Oug8CD5Zo4gWMsOhq5BI+1bF+rWTm4Vbj3ivRA==",
      "license": "MIT",
      "engines": {
        "node": ">= 18"
      }
    },
    "node_modules/underscore": {
      "version": "1.13.7",
      "resolved": "https://registry.npmmirror.com/underscore/-/underscore-1.13.7.tgz",
      "integrity": "sha512-GMXzWtsc57XAtguZgaQViUOzs0KTkk8ojr3/xAxXLITqf/3EMwxC0inyETfDFjH/Krbhuep0HNbbjI9i/q3F3g==",
      "license": "MIT"
    }
  }
}
